<?xml version="1.0" encoding="utf-8"?>
<Project ToolsVersion="4.0" xmlns="http://schemas.microsoft.com/developer/msbuild/2003">
  <ItemGroup>
    <Filter Include="Source Files">
      <UniqueIdentifier>{4FC737F1-C7A5-4376-A066-2A32D752A2FF}</UniqueIdentifier>
      <Extensions>cpp;c;cc;cxx;c++;cppm;ixx;def;odl;idl;hpj;bat;asm;asmx</Extensions>
    </Filter>
    <Filter Include="Header Files">
      <UniqueIdentifier>{93995380-89BD-4b04-88EB-625FBE52EBFB}</UniqueIdentifier>
      <Extensions>h;hh;hpp;hxx;h++;hm;inl;inc;ipp;xsd</Extensions>
    </Filter>
    <Filter Include="Resource Files">
      <UniqueIdentifier>{67DA6AB6-F800-4c08-8B7A-83BB121AAD01}</UniqueIdentifier>
      <Extensions>rc;ico;cur;bmp;dlg;rc2;rct;bin;rgs;gif;jpg;jpeg;jpe;resx;tiff;tif;png;wav;mfcribbon-ms</Extensions>
    </Filter>
    <Filter Include="Source Files\utils">
      <UniqueIdentifier>{dcdecc22-4de3-45ba-bfbf-67965e6d18df}</UniqueIdentifier>
    </Filter>
    <Filter Include="Source Files\Extensions">
      <UniqueIdentifier>{7c26aa7d-a44f-4f08-811b-8cd2036b7371}</UniqueIdentifier>
    </Filter>
    <Filter Include="Source Files\Extensions\raylib">
      <UniqueIdentifier>{eea1757f-f780-444e-bd51-ce6d84a66900}</UniqueIdentifier>
    </Filter>
    <Filter Include="Source Files\Extensions\imgui">
      <UniqueIdentifier>{203a7c57-6db6-48fd-ad67-de19b9c18b6c}</UniqueIdentifier>
    </Filter>
    <Filter Include="Source Files\rlImGui">
      <UniqueIdentifier>{1ebf1c74-8486-4350-b0f0-338ab92cb384}</UniqueIdentifier>
    </Filter>
  </ItemGroup>
  <ItemGroup>
    <ClCompile Include="..\..\..\..\src\ImGuiImageViewers.cpp">
      <Filter>Source Files</Filter>
    </ClCompile>
    <ClCompile Include="..\..\..\..\src\Input.cpp">
      <Filter>Source Files</Filter>
    </ClCompile>
    <ClCompile Include="..\..\..\..\src\main.cpp">
      <Filter>Source Files</Filter>
    </ClCompile>
    <ClCompile Include="..\..\..\..\src\shaders.cpp">
      <Filter>Source Files</Filter>
    </ClCompile>
    <ClCompile Include="..\..\..\..\src\TexRip.cpp">
      <Filter>Source Files</Filter>
    </ClCompile>
    <ClCompile Include="..\..\..\..\src\utils\utils.cpp">
      <Filter>Source Files\utils</Filter>
    </ClCompile>
    <ClCompile Include="..\..\..\..\src\Extensions\raylib\RenderTexture.cpp">
      <Filter>Source Files\Extensions\raylib</Filter>
    </ClCompile>
    <ClCompile Include="..\..\..\..\src\Extensions\imgui\imguiExt.cpp">
      <Filter>Source Files\Extensions\imgui</Filter>
    </ClCompile>
    <ClCompile Include="..\..\..\..\src\rlImGui\rlImGui.cpp">
      <Filter>Source Files\rlImGui</Filter>
    </ClCompile>
    <ClCompile Include="..\..\..\..\src\utils\utilsEigen.cpp">
      <Filter>Source Files\utils</Filter>
    </ClCompile>
  </ItemGroup>
  <ItemGroup>
    <ClInclude Include="..\..\..\..\src\ImGuiImageViewers.h">
      <Filter>Source Files</Filter>
    </ClInclude>
    <ClInclude Include="..\..\..\..\src\Input.h">
      <Filter>Source Files</Filter>
    </ClInclude>
    <ClInclude Include="..\..\..\..\src\shaders.h">
      <Filter>Source Files</Filter>
    </ClInclude>
    <ClInclude Include="..\..\..\..\src\TexRip.h">
      <Filter>Source Files</Filter>
    </ClInclude>
    <ClInclude Include="..\..\..\..\src\utils\overrideStack.h">
      <Filter>Source Files\utils</Filter>
    </ClInclude>
    <ClInclude Include="..\..\..\..\src\utils\utils.h">
      <Filter>Source Files\utils</Filter>
    </ClInclude>
    <ClInclude Include="..\..\..\..\src\Extensions\raylib\RenderTexture.h">
      <Filter>Source Files\Extensions\raylib</Filter>
    </ClInclude>
    <ClInclude Include="..\..\..\..\src\Extensions\imgui\imguiExts.h">
      <Filter>Source Files\Extensions\imgui</Filter>
    </ClInclude>
    <ClInclude Include="..\..\..\..\src\rlImGui\rlImGui.h">
      <Filter>Source Files\rlImGui</Filter>
    </ClInclude>
  </ItemGroup>
</Project>